
Microsoft Visual Studio Solution File, Format Version 12.00
# Visual Studio Version 17
VisualStudioVersion = 17.4.33213.308
MinimumVisualStudioVersion = 10.0.40219.1
Project("{FAE04EC0-301F-11D3-BF4B-00C04F79EFBC}") = "StayOnOrigin", "StayOnOrigin.csproj", "{1483428B-D2E5-4735-9C11-8E4D874B071D}"
EndProject
Global
	GlobalSection(SolutionConfigurationPlatforms) = preSolution
		Debug|Any CPU = Debug|Any CPU
		Release|Any CPU = Release|Any CPU
	EndGlobalSection
	GlobalSection(ProjectConfigurationPlatforms) = postSolution
		{1483428B-D2E5-4735-9C11-8E4D874B071D}.Debug|Any CPU.ActiveCfg = Debug|Any CPU
		{1483428B-D2E5-4735-9C11-8E4D874B071D}.Debug|Any CPU.Build.0 = Debug|Any CPU
		{1483428B-D2E5-4735-9C11-8E4D874B071D}.Release|Any CPU.ActiveCfg = Release|Any CPU
		{1483428B-D2E5-4735-9C11-8E4D874B071D}.Release|Any CPU.Build.0 = Release|Any CPU
	EndGlobalSection
	GlobalSection(SolutionProperties) = preSolution
		HideSolutionNode = FALSE
	EndGlobalSection
	GlobalSection(ExtensibilityGlobals) = postSolution
		SolutionGuid = {3CD5550B-B172-4007-819F-A0A64CAD3E1B}
	EndGlobalSection
EndGlobal
